{
  "nodes": {
    "home-manager": {
      "inputs": {
        "nixpkgs": [
          "nixpkgs"
        ]
      },
      "locked": {
        "lastModified": 1774379316,
        "narHash": "sha256-0nGNxWDUH2Hzlj/R3Zf4FEK6fsFNB/dvewuboSRZqiI=",
        "owner": "nix-community",
        "repo": "home-manager",
        "rev": "1eb0549a1ab3fe3f5acf86668249be15fa0e64f7",
        "type": "github"
      },
      "original": {
        "owner": "nix-community",
        "repo": "home-manager",
        "type": "github"
      }
    },
    "hyprlock-themes": {
      "flake": false,
      "locked": {
        "lastModified": 1748874053,
        "narHash": "sha256-kgVlPaWeaH/p0qGc1+Lj2H6YlDAk5CemNo1FFF8ymZ8=",
        "owner": "catppuccin",
        "repo": "hyprlock",
        "rev": "f650895064ae80db7c0e095829fce83fd85d0b26",
        "type": "github"
      },
      "original": {
        "owner": "catppuccin",
        "repo": "hyprlock",
        "type": "github"
      }
    },
    "nixpkgs": {
      "locked": {
        "lastModified": 1774106199,
        "narHash": "sha256-US5Tda2sKmjrg2lNHQL3jRQ6p96cgfWh3J1QBliQ8Ws=",
        "owner": "nixos",
        "repo": "nixpkgs",
        "rev": "6c9a78c09ff4d6c21d0319114873508a6ec01655",
        "type": "github"
      },
      "original": {
        "owner": "nixos",
        "ref": "nixos-unstable",
        "repo": "nixpkgs",
        "type": "github"
      }
    },
    "rofi-themes": {
      "flake": false,
      "locked": {
        "lastModified": 1753542257,
        "narHash": "sha256-iUX0Quae06tGd7gDgXZo1B3KYgPHU+ADPBrowHlv02A=",
        "owner": "adi1090x",
        "repo": "rofi",
        "rev": "093c1a79f58daab358199c4246de50357e5bf462",
        "type": "github"
      },
      "original": {
        "owner": "adi1090x",
        "repo": "rofi",
        "type": "github"
      }
    },
    "root": {
      "inputs": {
        "home-manager": "home-manager",
        "hyprlock-themes": "hyprlock-themes",
        "nixpkgs": "nixpkgs",
        "rofi-themes": "rofi-themes",
        "waybar-themes": "waybar-themes"
      }
    },
    "waybar-themes": {
      "flake": false,
      "locked": {
        "lastModified": 1720870206,
        "narHash": "sha256-za0y6hcN2rvN6Xjf31xLRe4PP0YyHu2i454ZPjr+lWA=",
        "owner": "catppuccin",
        "repo": "waybar",
        "rev": "ee8ed32b4f63e9c417249c109818dcc05a2e25da",
        "type": "github"
      },
      "original": {
        "owner": "catppuccin",
        "repo": "waybar",
        "type": "github"
      }
    }
  },
  "root": "root",
  "version": 7
}
