{
  "nodes": {
    "home-manager": {
      "inputs": {
        "nixpkgs": [
          "nixpkgs"
        ]
      },
      "locked": {
        "lastModified": 1773286336,
        "narHash": "sha256-+yFtmhOHterllxWmV6YbdevTXpJdGS0mS0UmJ0k9fh0=",
        "owner": "nix-community",
        "repo": "home-manager",
        "rev": "7d06e0cefe6e4a1e85b2b3274dcb0b3da242a557",
        "type": "github"
      },
      "original": {
        "owner": "nix-community",
        "repo": "home-manager",
        "type": "github"
      }
    },
    "nixpkgs": {
      "locked": {
        "lastModified": 1773122722,
        "narHash": "sha256-FIqHByVqxCprNjor1NqF80F2QQoiiyqanNNefdlvOg4=",
        "owner": "nixos",
        "repo": "nixpkgs",
        "rev": "62dc67aa6a52b4364dd75994ec00b51fbf474e50",
        "type": "github"
      },
      "original": {
        "owner": "nixos",
        "ref": "nixos-unstable",
        "repo": "nixpkgs",
        "type": "github"
      }
    },
    "root": {
      "inputs": {
        "home-manager": "home-manager",
        "nixpkgs": "nixpkgs"
      }
    }
  },
  "root": "root",
  "version": 7
}
